
Microsoft Visual Studio Solution File, Format Version 12.00
# Visual Studio Version 17
VisualStudioVersion = 17.13.35806.99 d17.13
MinimumVisualStudioVersion = 10.0.40219.1
Project("{FAE04EC0-301F-11D3-BF4B-00C04F79EFBC}") = "KitaplikProjesi", "KitaplikProjesi\KitaplikProjesi.csproj", "{BA36D41E-5E78-4CCC-BB64-ECF10000C4C0}"
EndProject
Global
	GlobalSection(SolutionConfigurationPlatforms) = preSolution
		Debug|Any CPU = Debug|Any CPU
		Release|Any CPU = Release|Any CPU
	EndGlobalSection
	GlobalSection(ProjectConfigurationPlatforms) = postSolution
		{BA36D41E-5E78-4CCC-BB64-ECF10000C4C0}.Debug|Any CPU.ActiveCfg = Debug|Any CPU
		{BA36D41E-5E78-4CCC-BB64-ECF10000C4C0}.Debug|Any CPU.Build.0 = Debug|Any CPU
		{BA36D41E-5E78-4CCC-BB64-ECF10000C4C0}.Release|Any CPU.ActiveCfg = Release|Any CPU
		{BA36D41E-5E78-4CCC-BB64-ECF10000C4C0}.Release|Any CPU.Build.0 = Release|Any CPU
	EndGlobalSection
	GlobalSection(SolutionProperties) = preSolution
		HideSolutionNode = FALSE
	EndGlobalSection
	GlobalSection(ExtensibilityGlobals) = postSolution
		SolutionGuid = {754D9A40-ED68-46F8-A43D-8D19C99CB3CB}
	EndGlobalSection
EndGlobal
