
Microsoft Visual Studio Solution File, Format Version 12.00
# Visual Studio Version 17
VisualStudioVersion = 17.13.35806.99 d17.13
MinimumVisualStudioVersion = 10.0.40219.1
Project("{FAE04EC0-301F-11D3-BF4B-00C04F79EFBC}") = "Personel", "Personel\Personel.csproj", "{7F3A4BC9-7ECB-4BDF-974C-847BEF52C2FD}"
EndProject
Global
	GlobalSection(SolutionConfigurationPlatforms) = preSolution
		Debug|Any CPU = Debug|Any CPU
		Release|Any CPU = Release|Any CPU
	EndGlobalSection
	GlobalSection(ProjectConfigurationPlatforms) = postSolution
		{7F3A4BC9-7ECB-4BDF-974C-847BEF52C2FD}.Debug|Any CPU.ActiveCfg = Debug|Any CPU
		{7F3A4BC9-7ECB-4BDF-974C-847BEF52C2FD}.Debug|Any CPU.Build.0 = Debug|Any CPU
		{7F3A4BC9-7ECB-4BDF-974C-847BEF52C2FD}.Release|Any CPU.ActiveCfg = Release|Any CPU
		{7F3A4BC9-7ECB-4BDF-974C-847BEF52C2FD}.Release|Any CPU.Build.0 = Release|Any CPU
	EndGlobalSection
	GlobalSection(SolutionProperties) = preSolution
		HideSolutionNode = FALSE
	EndGlobalSection
	GlobalSection(ExtensibilityGlobals) = postSolution
		SolutionGuid = {8DAFC913-9E80-4239-A962-7DD434C6B4B6}
	EndGlobalSection
EndGlobal
